
Microsoft Visual Studio Solution File, Format Version 12.00
# Visual Studio Version 16
VisualStudioVersion = 16.0.29911.84
MinimumVisualStudioVersion = 10.0.40219.1
Project("{FAE04EC0-301F-11D3-BF4B-00C04F79EFBC}") = "LoanCalculator", "LoanCalculator\LoanCalculator.csproj", "{7DC9A415-A584-4429-B2A2-6C5AF615CA39}"
EndProject
Global
	GlobalSection(SolutionConfigurationPlatforms) = preSolution
		Debug|Any CPU = Debug|Any CPU
		Release|Any CPU = Release|Any CPU
	EndGlobalSection
	GlobalSection(ProjectConfigurationPlatforms) = postSolution
		{7DC9A415-A584-4429-B2A2-6C5AF615CA39}.Debug|Any CPU.ActiveCfg = Debug|Any CPU
		{7DC9A415-A584-4429-B2A2-6C5AF615CA39}.Debug|Any CPU.Build.0 = Debug|Any CPU
		{7DC9A415-A584-4429-B2A2-6C5AF615CA39}.Release|Any CPU.ActiveCfg = Release|Any CPU
		{7DC9A415-A584-4429-B2A2-6C5AF615CA39}.Release|Any CPU.Build.0 = Release|Any CPU
	EndGlobalSection
	GlobalSection(SolutionProperties) = preSolution
		HideSolutionNode = FALSE
	EndGlobalSection
	GlobalSection(ExtensibilityGlobals) = postSolution
		SolutionGuid = {0C54BD85-795F-4DB2-92EE-671B2448B6F4}
	EndGlobalSection
EndGlobal
